
Microsoft Visual Studio Solution File, Format Version 12.00
# Visual Studio Version 16
VisualStudioVersion = 16.0.28803.352
MinimumVisualStudioVersion = 10.0.40219.1
Project("{FAE04EC0-301F-11D3-BF4B-00C04F79EFBC}") = "checkers2", "checkers2.csproj", "{7405D359-B2CE-43DE-8ACF-9EA592EFDF4B}"
EndProject
Global
	GlobalSection(SolutionConfigurationPlatforms) = preSolution
		Debug|Any CPU = Debug|Any CPU
		Release|Any CPU = Release|Any CPU
	EndGlobalSection
	GlobalSection(ProjectConfigurationPlatforms) = postSolution
		{7405D359-B2CE-43DE-8ACF-9EA592EFDF4B}.Debug|Any CPU.ActiveCfg = Debug|Any CPU
		{7405D359-B2CE-43DE-8ACF-9EA592EFDF4B}.Debug|Any CPU.Build.0 = Debug|Any CPU
		{7405D359-B2CE-43DE-8ACF-9EA592EFDF4B}.Release|Any CPU.ActiveCfg = Release|Any CPU
		{7405D359-B2CE-43DE-8ACF-9EA592EFDF4B}.Release|Any CPU.Build.0 = Release|Any CPU
	EndGlobalSection
	GlobalSection(SolutionProperties) = preSolution
		HideSolutionNode = FALSE
	EndGlobalSection
	GlobalSection(ExtensibilityGlobals) = postSolution
		SolutionGuid = {D70D3276-A1B3-4B69-8000-541BAA34B942}
	EndGlobalSection
EndGlobal
