
Microsoft Visual Studio Solution File, Format Version 12.00
# Visual Studio Version 16
VisualStudioVersion = 16.0.28803.352
MinimumVisualStudioVersion = 10.0.40219.1
Project("{FAE04EC0-301F-11D3-BF4B-00C04F79EFBC}") = "mastermind game", "mastermind game.csproj", "{4129AE1E-0F4A-4805-9F9C-9F9B38CABD77}"
EndProject
Global
	GlobalSection(SolutionConfigurationPlatforms) = preSolution
		Debug|Any CPU = Debug|Any CPU
		Release|Any CPU = Release|Any CPU
	EndGlobalSection
	GlobalSection(ProjectConfigurationPlatforms) = postSolution
		{4129AE1E-0F4A-4805-9F9C-9F9B38CABD77}.Debug|Any CPU.ActiveCfg = Debug|Any CPU
		{4129AE1E-0F4A-4805-9F9C-9F9B38CABD77}.Debug|Any CPU.Build.0 = Debug|Any CPU
		{4129AE1E-0F4A-4805-9F9C-9F9B38CABD77}.Release|Any CPU.ActiveCfg = Release|Any CPU
		{4129AE1E-0F4A-4805-9F9C-9F9B38CABD77}.Release|Any CPU.Build.0 = Release|Any CPU
	EndGlobalSection
	GlobalSection(SolutionProperties) = preSolution
		HideSolutionNode = FALSE
	EndGlobalSection
	GlobalSection(ExtensibilityGlobals) = postSolution
		SolutionGuid = {FBC82D0D-0852-4701-93A5-4E8A40389108}
	EndGlobalSection
EndGlobal
