
Microsoft Visual Studio Solution File, Format Version 12.00
# Visual Studio Version 16
VisualStudioVersion = 16.0.28803.352
MinimumVisualStudioVersion = 10.0.40219.1
Project("{FAE04EC0-301F-11D3-BF4B-00C04F79EFBC}") = "PoCos2", "PoCos2.csproj", "{3F573B19-18BF-4BE3-AA0B-7DA852363FCE}"
EndProject
Global
	GlobalSection(SolutionConfigurationPlatforms) = preSolution
		Debug|Any CPU = Debug|Any CPU
		Release|Any CPU = Release|Any CPU
	EndGlobalSection
	GlobalSection(ProjectConfigurationPlatforms) = postSolution
		{3F573B19-18BF-4BE3-AA0B-7DA852363FCE}.Debug|Any CPU.ActiveCfg = Debug|Any CPU
		{3F573B19-18BF-4BE3-AA0B-7DA852363FCE}.Debug|Any CPU.Build.0 = Debug|Any CPU
		{3F573B19-18BF-4BE3-AA0B-7DA852363FCE}.Release|Any CPU.ActiveCfg = Release|Any CPU
		{3F573B19-18BF-4BE3-AA0B-7DA852363FCE}.Release|Any CPU.Build.0 = Release|Any CPU
	EndGlobalSection
	GlobalSection(SolutionProperties) = preSolution
		HideSolutionNode = FALSE
	EndGlobalSection
	GlobalSection(ExtensibilityGlobals) = postSolution
		SolutionGuid = {634AA634-B158-4285-A91A-CC2F695ACD92}
	EndGlobalSection
EndGlobal
