
Microsoft Visual Studio Solution File, Format Version 12.00
# Visual Studio Version 16
VisualStudioVersion = 16.0.28803.352
MinimumVisualStudioVersion = 10.0.40219.1
Project("{FAE04EC0-301F-11D3-BF4B-00C04F79EFBC}") = "rockpaperscissors", "rockpaperscissors.csproj", "{EF816C9B-D2C5-41DC-815F-A846BC101BD9}"
EndProject
Global
	GlobalSection(SolutionConfigurationPlatforms) = preSolution
		Debug|Any CPU = Debug|Any CPU
		Release|Any CPU = Release|Any CPU
	EndGlobalSection
	GlobalSection(ProjectConfigurationPlatforms) = postSolution
		{EF816C9B-D2C5-41DC-815F-A846BC101BD9}.Debug|Any CPU.ActiveCfg = Debug|Any CPU
		{EF816C9B-D2C5-41DC-815F-A846BC101BD9}.Debug|Any CPU.Build.0 = Debug|Any CPU
		{EF816C9B-D2C5-41DC-815F-A846BC101BD9}.Release|Any CPU.ActiveCfg = Release|Any CPU
		{EF816C9B-D2C5-41DC-815F-A846BC101BD9}.Release|Any CPU.Build.0 = Release|Any CPU
	EndGlobalSection
	GlobalSection(SolutionProperties) = preSolution
		HideSolutionNode = FALSE
	EndGlobalSection
	GlobalSection(ExtensibilityGlobals) = postSolution
		SolutionGuid = {B53A5B98-97D5-4A7E-852E-59329262A901}
	EndGlobalSection
EndGlobal
